<Solution>
  <Folder Name="/src/">
    <Project Path="src/BookingPlatform.Gateway/BookingPlatform.Gateway.csproj" />
    <Project Path="src/BookingPlatform.Shared/BookingPlatform.Shared.csproj" />
  </Folder>
  <Folder Name="/src/Services/">
    <Project Path="src/Services/BookingPlatform.BookingService/BookingPlatform.BookingService.csproj" />
    <Project Path="src/Services/BookingPlatform.NotificationService/BookingPlatform.NotificationService.csproj" />
    <Project Path="src/Services/BookingPlatform.ResourceService/BookingPlatform.ResourceService.csproj" />
  </Folder>
  <Folder Name="/tests/">
    <Project Path="tests/BookingPlatform.Tests.Integration/BookingPlatform.Tests.Integration.csproj" />
    <Project Path="tests/BookingPlatform.Tests.Unit/BookingPlatform.Tests.Unit.csproj" />
  </Folder>
</Solution>
